
Microsoft Visual Studio Solution File, Format Version 12.00
# Visual Studio 15
VisualStudioVersion = 15.0.28307.2092
MinimumVisualStudioVersion = 10.0.40219.1
Project("{8BC9CEB8-8B4A-11D0-8D11-00A0C91BC942}") = "3-13", "3-13\3-13.vcxproj", "{F22A3C35-97EF-4924-A03F-C20D61DB3AAF}"
EndProject
Global
	GlobalSection(SolutionConfigurationPlatforms) = preSolution
		Debug|x64 = Debug|x64
		Debug|x86 = Debug|x86
		Release|x64 = Release|x64
		Release|x86 = Release|x86
	EndGlobalSection
	GlobalSection(ProjectConfigurationPlatforms) = postSolution
		{F22A3C35-97EF-4924-A03F-C20D61DB3AAF}.Debug|x64.ActiveCfg = Debug|x64
		{F22A3C35-97EF-4924-A03F-C20D61DB3AAF}.Debug|x64.Build.0 = Debug|x64
		{F22A3C35-97EF-4924-A03F-C20D61DB3AAF}.Debug|x86.ActiveCfg = Debug|Win32
		{F22A3C35-97EF-4924-A03F-C20D61DB3AAF}.Debug|x86.Build.0 = Debug|Win32
		{F22A3C35-97EF-4924-A03F-C20D61DB3AAF}.Release|x64.ActiveCfg = Release|x64
		{F22A3C35-97EF-4924-A03F-C20D61DB3AAF}.Release|x64.Build.0 = Release|x64
		{F22A3C35-97EF-4924-A03F-C20D61DB3AAF}.Release|x86.ActiveCfg = Release|Win32
		{F22A3C35-97EF-4924-A03F-C20D61DB3AAF}.Release|x86.Build.0 = Release|Win32
	EndGlobalSection
	GlobalSection(SolutionProperties) = preSolution
		HideSolutionNode = FALSE
	EndGlobalSection
	GlobalSection(ExtensibilityGlobals) = postSolution
		SolutionGuid = {82945D9A-453E-4A66-9957-0BBF458D84B6}
	EndGlobalSection
EndGlobal
