
Microsoft Visual Studio Solution File, Format Version 12.00
# Visual Studio 15
VisualStudioVersion = 15.0.28307.2092
MinimumVisualStudioVersion = 10.0.40219.1
Project("{8BC9CEB8-8B4A-11D0-8D11-00A0C91BC942}") = "5.28", "5.28\5.28.vcxproj", "{5A961EB9-1D41-4138-96F1-B646D797663A}"
EndProject
Global
	GlobalSection(SolutionConfigurationPlatforms) = preSolution
		Debug|x64 = Debug|x64
		Debug|x86 = Debug|x86
		Release|x64 = Release|x64
		Release|x86 = Release|x86
	EndGlobalSection
	GlobalSection(ProjectConfigurationPlatforms) = postSolution
		{5A961EB9-1D41-4138-96F1-B646D797663A}.Debug|x64.ActiveCfg = Debug|x64
		{5A961EB9-1D41-4138-96F1-B646D797663A}.Debug|x64.Build.0 = Debug|x64
		{5A961EB9-1D41-4138-96F1-B646D797663A}.Debug|x86.ActiveCfg = Debug|Win32
		{5A961EB9-1D41-4138-96F1-B646D797663A}.Debug|x86.Build.0 = Debug|Win32
		{5A961EB9-1D41-4138-96F1-B646D797663A}.Release|x64.ActiveCfg = Release|x64
		{5A961EB9-1D41-4138-96F1-B646D797663A}.Release|x64.Build.0 = Release|x64
		{5A961EB9-1D41-4138-96F1-B646D797663A}.Release|x86.ActiveCfg = Release|Win32
		{5A961EB9-1D41-4138-96F1-B646D797663A}.Release|x86.Build.0 = Release|Win32
	EndGlobalSection
	GlobalSection(SolutionProperties) = preSolution
		HideSolutionNode = FALSE
	EndGlobalSection
	GlobalSection(ExtensibilityGlobals) = postSolution
		SolutionGuid = {99C1C7C5-230F-4D1D-8EAA-7CAE31CB0F1E}
	EndGlobalSection
EndGlobal
